
Microsoft Visual Studio Solution File, Format Version 12.00
# Visual Studio Version 16
VisualStudioVersion = 16.0.30011.22
MinimumVisualStudioVersion = 10.0.40219.1
Project("{FAE04EC0-301F-11D3-BF4B-00C04F79EFBC}") = "DAO", "DAO\DAO.csproj", "{EDD02131-56B9-486C-9486-5FD0A922A746}"
EndProject
Project("{FAE04EC0-301F-11D3-BF4B-00C04F79EFBC}") = "BO", "BO\BO.csproj", "{72341B77-5A60-4735-A104-640243708B7A}"
EndProject
Project("{FAE04EC0-301F-11D3-BF4B-00C04F79EFBC}") = "BL", "BL\BL.csproj", "{C5E2951A-8899-4873-BC11-30CF752A99ED}"
EndProject
Project("{FAE04EC0-301F-11D3-BF4B-00C04F79EFBC}") = "TrabalhoLP2", "TrabalhoLP2\TrabalhoLP2.csproj", "{7F97B019-7601-46F3-A34C-CA972E5B59AF}"
EndProject
Global
	GlobalSection(SolutionConfigurationPlatforms) = preSolution
		Debug|Any CPU = Debug|Any CPU
		Release|Any CPU = Release|Any CPU
	EndGlobalSection
	GlobalSection(ProjectConfigurationPlatforms) = postSolution
		{EDD02131-56B9-486C-9486-5FD0A922A746}.Debug|Any CPU.ActiveCfg = Debug|Any CPU
		{EDD02131-56B9-486C-9486-5FD0A922A746}.Debug|Any CPU.Build.0 = Debug|Any CPU
		{EDD02131-56B9-486C-9486-5FD0A922A746}.Release|Any CPU.ActiveCfg = Release|Any CPU
		{EDD02131-56B9-486C-9486-5FD0A922A746}.Release|Any CPU.Build.0 = Release|Any CPU
		{72341B77-5A60-4735-A104-640243708B7A}.Debug|Any CPU.ActiveCfg = Debug|Any CPU
		{72341B77-5A60-4735-A104-640243708B7A}.Debug|Any CPU.Build.0 = Debug|Any CPU
		{72341B77-5A60-4735-A104-640243708B7A}.Release|Any CPU.ActiveCfg = Release|Any CPU
		{72341B77-5A60-4735-A104-640243708B7A}.Release|Any CPU.Build.0 = Release|Any CPU
		{C5E2951A-8899-4873-BC11-30CF752A99ED}.Debug|Any CPU.ActiveCfg = Debug|Any CPU
		{C5E2951A-8899-4873-BC11-30CF752A99ED}.Debug|Any CPU.Build.0 = Debug|Any CPU
		{C5E2951A-8899-4873-BC11-30CF752A99ED}.Release|Any CPU.ActiveCfg = Release|Any CPU
		{C5E2951A-8899-4873-BC11-30CF752A99ED}.Release|Any CPU.Build.0 = Release|Any CPU
		{7F97B019-7601-46F3-A34C-CA972E5B59AF}.Debug|Any CPU.ActiveCfg = Debug|Any CPU
		{7F97B019-7601-46F3-A34C-CA972E5B59AF}.Debug|Any CPU.Build.0 = Debug|Any CPU
		{7F97B019-7601-46F3-A34C-CA972E5B59AF}.Release|Any CPU.ActiveCfg = Release|Any CPU
		{7F97B019-7601-46F3-A34C-CA972E5B59AF}.Release|Any CPU.Build.0 = Release|Any CPU
	EndGlobalSection
	GlobalSection(SolutionProperties) = preSolution
		HideSolutionNode = FALSE
	EndGlobalSection
	GlobalSection(ExtensibilityGlobals) = postSolution
		SolutionGuid = {7ED21A1F-14D4-4A55-B474-702C5DFD890D}
	EndGlobalSection
EndGlobal
